
Microsoft Visual Studio Solution File, Format Version 12.00
# Visual Studio 2013
VisualStudioVersion = 12.0.0.0
MinimumVisualStudioVersion = 10.0.0.1
Project("{FAE04EC0-301F-11D3-BF4B-00C04F79EFBC}") = "ApiHost", "ApiHost/ApiHost.csproj", "{2FB1503C-4759-4A62-B634-EA2A7BF606BF}"
EndProject
Project("{FAE04EC0-301F-11D3-BF4B-00C04F79EFBC}") = "FileIO", "FileIO\FileIO.csproj", "{005AFB66-4475-4F2A-A6D4-3737527C420D}"
EndProject
Global
	GlobalSection(SolutionConfigurationPlatforms) = preSolution
		Debug|Any CPU = Debug|Any CPU
		Release|Any CPU = Release|Any CPU
	EndGlobalSection
	GlobalSection(ProjectConfigurationPlatforms) = postSolution
		{2FB1503C-4759-4A62-B634-EA2A7BF606BF}.Debug|Any CPU.ActiveCfg = Debug|Any CPU
		{2FB1503C-4759-4A62-B634-EA2A7BF606BF}.Debug|Any CPU.Build.0 = Debug|Any CPU
		{2FB1503C-4759-4A62-B634-EA2A7BF606BF}.Release|Any CPU.ActiveCfg = Release|Any CPU
		{2FB1503C-4759-4A62-B634-EA2A7BF606BF}.Release|Any CPU.Build.0 = Release|Any CPU
		{005AFB66-4475-4F2A-A6D4-3737527C420D}.Debug|Any CPU.ActiveCfg = Debug|Any CPU
		{005AFB66-4475-4F2A-A6D4-3737527C420D}.Debug|Any CPU.Build.0 = Debug|Any CPU
		{005AFB66-4475-4F2A-A6D4-3737527C420D}.Release|Any CPU.ActiveCfg = Release|Any CPU
		{005AFB66-4475-4F2A-A6D4-3737527C420D}.Release|Any CPU.Build.0 = Release|Any CPU
	EndGlobalSection
	GlobalSection(SolutionProperties) = preSolution
		HideSolutionNode = FALSE
	EndGlobalSection
EndGlobal
